
Microsoft Visual Studio Solution File, Format Version 12.00
# Visual Studio Version 17
VisualStudioVersion = 17.14.36511.14
MinimumVisualStudioVersion = 10.0.40219.1
Project("{2150E333-8FDC-42A3-9474-1A3956D46DE8}") = "src", "src", "{02EA681E-C7D8-13C7-8484-4AC65E1B71E8}"
EndProject
Project("{2150E333-8FDC-42A3-9474-1A3956D46DE8}") = "tests", "tests", "{7E847191-C859-4CE4-98E4-43494C37D8B5}"
EndProject
Project("{2150E333-8FDC-42A3-9474-1A3956D46DE8}") = "Backend", "Backend", "{ED5ED6AE-7EE0-4652-9AB0-BCFBB746C65E}"
EndProject
Project("{2150E333-8FDC-42A3-9474-1A3956D46DE8}") = "Shared", "Shared", "{2CF43482-401D-47D9-B379-98BD09EB91E6}"
EndProject
Project("{FAE04EC0-301F-11D3-BF4B-00C04F79EFBC}") = "MyRecipeBook.API", "src\Backend\MyRecipeBook.API\MyRecipeBook.API.csproj", "{DD5C362C-6E27-4BE0-A7B6-6DD47ACF2D5A}"
EndProject
Project("{FAE04EC0-301F-11D3-BF4B-00C04F79EFBC}") = "MyRecipeBook.Application", "src\Backend\MyRecipeBook.Application\MyRecipeBook.Application.csproj", "{0A964A0E-3C16-44DF-BECF-B6ED1AD1291C}"
EndProject
Project("{FAE04EC0-301F-11D3-BF4B-00C04F79EFBC}") = "MyRecipeBook.Infrastructure", "src\Backend\MyRecipeBook.Infrastructure\MyRecipeBook.Infrastructure.csproj", "{346612BA-B097-4B2A-A5CF-A608BFC30E76}"
EndProject
Project("{FAE04EC0-301F-11D3-BF4B-00C04F79EFBC}") = "MyRecipeBook.Domain", "src\Backend\MyRecipeBook.Domain\MyRecipeBook.Domain.csproj", "{A436B8A5-4DF3-435A-8BC2-CA9CE93AF589}"
EndProject
Project("{FAE04EC0-301F-11D3-BF4B-00C04F79EFBC}") = "MyRecipeBook.Communication", "src\Shared\MyRecipeBook.Communication\MyRecipeBook.Communication.csproj", "{2AEE5053-D36D-4B57-93D9-F2C8FF402C0B}"
EndProject
Project("{FAE04EC0-301F-11D3-BF4B-00C04F79EFBC}") = "MyRecipeBook.Exceptions", "src\Shared\MyRecipeBook.Exceptions\MyRecipeBook.Exceptions.csproj", "{74195DAA-D370-4780-A982-C8CEC0D9ABCC}"
EndProject
Global
	GlobalSection(SolutionConfigurationPlatforms) = preSolution
		Debug|Any CPU = Debug|Any CPU
		Release|Any CPU = Release|Any CPU
	EndGlobalSection
	GlobalSection(ProjectConfigurationPlatforms) = postSolution
		{DD5C362C-6E27-4BE0-A7B6-6DD47ACF2D5A}.Debug|Any CPU.ActiveCfg = Debug|Any CPU
		{DD5C362C-6E27-4BE0-A7B6-6DD47ACF2D5A}.Debug|Any CPU.Build.0 = Debug|Any CPU
		{DD5C362C-6E27-4BE0-A7B6-6DD47ACF2D5A}.Release|Any CPU.ActiveCfg = Release|Any CPU
		{DD5C362C-6E27-4BE0-A7B6-6DD47ACF2D5A}.Release|Any CPU.Build.0 = Release|Any CPU
		{0A964A0E-3C16-44DF-BECF-B6ED1AD1291C}.Debug|Any CPU.ActiveCfg = Debug|Any CPU
		{0A964A0E-3C16-44DF-BECF-B6ED1AD1291C}.Debug|Any CPU.Build.0 = Debug|Any CPU
		{0A964A0E-3C16-44DF-BECF-B6ED1AD1291C}.Release|Any CPU.ActiveCfg = Release|Any CPU
		{0A964A0E-3C16-44DF-BECF-B6ED1AD1291C}.Release|Any CPU.Build.0 = Release|Any CPU
		{346612BA-B097-4B2A-A5CF-A608BFC30E76}.Debug|Any CPU.ActiveCfg = Debug|Any CPU
		{346612BA-B097-4B2A-A5CF-A608BFC30E76}.Debug|Any CPU.Build.0 = Debug|Any CPU
		{346612BA-B097-4B2A-A5CF-A608BFC30E76}.Release|Any CPU.ActiveCfg = Release|Any CPU
		{346612BA-B097-4B2A-A5CF-A608BFC30E76}.Release|Any CPU.Build.0 = Release|Any CPU
		{A436B8A5-4DF3-435A-8BC2-CA9CE93AF589}.Debug|Any CPU.ActiveCfg = Debug|Any CPU
		{A436B8A5-4DF3-435A-8BC2-CA9CE93AF589}.Debug|Any CPU.Build.0 = Debug|Any CPU
		{A436B8A5-4DF3-435A-8BC2-CA9CE93AF589}.Release|Any CPU.ActiveCfg = Release|Any CPU
		{A436B8A5-4DF3-435A-8BC2-CA9CE93AF589}.Release|Any CPU.Build.0 = Release|Any CPU
		{2AEE5053-D36D-4B57-93D9-F2C8FF402C0B}.Debug|Any CPU.ActiveCfg = Debug|Any CPU
		{2AEE5053-D36D-4B57-93D9-F2C8FF402C0B}.Debug|Any CPU.Build.0 = Debug|Any CPU
		{2AEE5053-D36D-4B57-93D9-F2C8FF402C0B}.Release|Any CPU.ActiveCfg = Release|Any CPU
		{2AEE5053-D36D-4B57-93D9-F2C8FF402C0B}.Release|Any CPU.Build.0 = Release|Any CPU
		{74195DAA-D370-4780-A982-C8CEC0D9ABCC}.Debug|Any CPU.ActiveCfg = Debug|Any CPU
		{74195DAA-D370-4780-A982-C8CEC0D9ABCC}.Debug|Any CPU.Build.0 = Debug|Any CPU
		{74195DAA-D370-4780-A982-C8CEC0D9ABCC}.Release|Any CPU.ActiveCfg = Release|Any CPU
		{74195DAA-D370-4780-A982-C8CEC0D9ABCC}.Release|Any CPU.Build.0 = Release|Any CPU
	EndGlobalSection
	GlobalSection(SolutionProperties) = preSolution
		HideSolutionNode = FALSE
	EndGlobalSection
	GlobalSection(NestedProjects) = preSolution
		{ED5ED6AE-7EE0-4652-9AB0-BCFBB746C65E} = {02EA681E-C7D8-13C7-8484-4AC65E1B71E8}
		{2CF43482-401D-47D9-B379-98BD09EB91E6} = {02EA681E-C7D8-13C7-8484-4AC65E1B71E8}
		{DD5C362C-6E27-4BE0-A7B6-6DD47ACF2D5A} = {ED5ED6AE-7EE0-4652-9AB0-BCFBB746C65E}
		{0A964A0E-3C16-44DF-BECF-B6ED1AD1291C} = {ED5ED6AE-7EE0-4652-9AB0-BCFBB746C65E}
		{346612BA-B097-4B2A-A5CF-A608BFC30E76} = {ED5ED6AE-7EE0-4652-9AB0-BCFBB746C65E}
		{A436B8A5-4DF3-435A-8BC2-CA9CE93AF589} = {ED5ED6AE-7EE0-4652-9AB0-BCFBB746C65E}
		{2AEE5053-D36D-4B57-93D9-F2C8FF402C0B} = {2CF43482-401D-47D9-B379-98BD09EB91E6}
		{74195DAA-D370-4780-A982-C8CEC0D9ABCC} = {2CF43482-401D-47D9-B379-98BD09EB91E6}
	EndGlobalSection
	GlobalSection(ExtensibilityGlobals) = postSolution
		SolutionGuid = {891D1561-9111-4DB0-B49F-2395C63D001C}
	EndGlobalSection
EndGlobal
